PODS:
  - LPMessagingSDK (6.7.0.820)

DEPENDENCIES:
  - LPMessagingSDK

SPEC REPOS:
  https://github.com/LivePersonInc/iOSPodSpecs.git:
    - LPMessagingSDK

SPEC CHECKSUMS:
  LPMessagingSDK: 46e6ebbd57fe82f39d72ef0ae53a4fa4d12d1a4b

PODFILE CHECKSUM: 02b4d5c18b372547258244f532300adf753c8cb8

COCOAPODS: 1.11.2
