PODS:
  - LPMessagingSDK (6.7.0.820)

DEPENDENCIES:
  - LPMessagingSDK

SPEC REPOS:
  https://github.com/LivePersonInc/iOSPodSpecs.git:
    - LPMessagingSDK

SPEC CHECKSUMS:
  LPMessagingSDK: 46e6ebbd57fe82f39d72ef0ae53a4fa4d12d1a4b

PODFILE CHECKSUM: 95ad9d1e05abf5d18ac4c9dc8c8209da9236b88f

COCOAPODS: 1.11.2
